Microsoft Visual Studio Solution File, Format Version 11.00
# Visual Studio 2010
Project("{FAE04EC0-301F-11D3-BF4B-00C04F79EFBC}") = "Assembly-CSharp", "Assembly-CSharp.csproj", "{F2752FA8-34AC-3668-EC5E-D27C9C043067}"
EndProject
Global
	GlobalSection(SolutionConfigurationPlatforms) = preSolution
		Debug|Any CPU = Debug|Any CPU
		Release|Any CPU = Release|Any CPU
	EndGlobalSection
	GlobalSection(ProjectConfigurationPlatforms) = postSolution
		{F2752FA8-34AC-3668-EC5E-D27C9C043067}.Debug|Any CPU.ActiveCfg = Debug|Any CPU
		{F2752FA8-34AC-3668-EC5E-D27C9C043067}.Debug|Any CPU.Build.0 = Debug|Any CPU
		{F2752FA8-34AC-3668-EC5E-D27C9C043067}.Release|Any CPU.ActiveCfg = Release|Any CPU
		{F2752FA8-34AC-3668-EC5E-D27C9C043067}.Release|Any CPU.Build.0 = Release|Any CPU
	EndGlobalSection
	GlobalSection(SolutionProperties) = preSolution
		HideSolutionNode = FALSE
	EndGlobalSection
	GlobalSection(MonoDevelopProperties) = preSolution
		StartupItem = Assembly-CSharp.csproj
	EndGlobalSection
EndGlobal
